// !$*UTF8*$!
{
	archiveVersion = 1;
	classes = {
	};
	objectVersion = 46;
	objects = {

/* Begin PBXBuildFile section */
		645F9BC81EE7076E000B2C9A /* AppDelegate.swift in Sources */ = {isa = PBXBuildFile; fileRef = 645F9BC71EE7076E000B2C9A /* AppDelegate.swift */; };
		645F9BCA1EE7076E000B2C9A /* ViewController.swift in Sources */ = {isa = PBXBuildFile; fileRef = 645F9BC91EE7076E000B2C9A /* ViewController.swift */; };
		645F9BCD1EE7076E000B2C9A /* Main.storyboard in Resources */ = {isa = PBXBuildFile; fileRef = 645F9BCB1EE7076E000B2C9A /* Main.storyboard */; };
		645F9BCF1EE7076E000B2C9A /* Assets.xcassets in Resources */ = {isa = PBXBuildFile; fileRef = 645F9BCE1EE7076E000B2C9A /* Assets.xcassets */; };
		645F9BD21EE7076E000B2C9A /* LaunchScreen.storyboard in Resources */ = {isa = PBXBuildFile; fileRef = 645F9BD01EE7076E000B2C9A /* LaunchScreen.storyboard */; };
		645F9BDD1EE7076E000B2C9A /* saveTheKittensExceptTheHairlessOnesTests.swift in Sources */ = {isa = PBXBuildFile; fileRef = 645F9BDC1EE7076E000B2C9A /* saveTheKittensExceptTheHairlessOnesTests.swift */; };
		645F9BE81EE7076E000B2C9A /* saveTheKittensExceptTheHairlessOnesUITests.swift in Sources */ = {isa = PBXBuildFile; fileRef = 645F9BE71EE7076E000B2C9A /* saveTheKittensExceptTheHairlessOnesUITests.swift */; };
/* End PBXBuildFile section */

/* Begin PBXContainerItemProxy section */
		645F9BD91EE7076E000B2C9A /* PBXContainerItemProxy */ = {
			isa = PBXContainerItemProxy;
			containerPortal = 645F9BBC1EE7076E000B2C9A /* Project object */;
			proxyType = 1;
			remoteGlobalIDString = 645F9BC31EE7076E000B2C9A;
			remoteInfo = saveTheKittensExceptTheHairlessOnes;
		};
		645F9BE41EE7076E000B2C9A /* PBXContainerItemProxy */ = {
			isa = PBXContainerItemProxy;
			containerPortal = 645F9BBC1EE7076E000B2C9A /* Project object */;
			proxyType = 1;
			remoteGlobalIDString = 645F9BC31EE7076E000B2C9A;
			remoteInfo = saveTheKittensExceptTheHairlessOnes;
		};
/* End PBXContainerItemProxy section */

/* Begin PBXFileReference section */
		645F9BC41EE7076E000B2C9A /* saveTheKittensExceptTheHairlessOnes.app */ = {isa = PBXFileReference; explicitFileType = wrapper.application; includeInIndex = 0; path = saveTheKittensExceptTheHairlessOnes.app; sourceTree = BUILT_PRODUCTS_DIR; };
		645F9BC71EE7076E000B2C9A /* AppDelegate.swift */ = {isa = PBXFileReference; lastKnownFileType = sourcecode.swift; path = AppDelegate.swift; sourceTree = "<group>"; };
		645F9BC91EE7076E000B2C9A /* ViewController.swift */ = {isa = PBXFileReference; lastKnownFileType = sourcecode.swift; path = ViewController.swift; sourceTree = "<group>"; };
		645F9BCC1EE7076E000B2C9A /* Base */ = {isa = PBXFileReference; lastKnownFileType = file.storyboard; name = Base; path = Base.lproj/Main.storyboard; sourceTree = "<group>"; };
		645F9BCE1EE7076E000B2C9A /* Assets.xcassets */ = {isa = PBXFileReference; lastKnownFileType = folder.assetcatalog; path = Assets.xcassets; sourceTree = "<group>"; };
		645F9BD11EE7076E000B2C9A /* Base */ = {isa = PBXFileReference; lastKnownFileType = file.storyboard; name = Base; path = Base.lproj/LaunchScreen.storyboard; sourceTree = "<group>"; };
		645F9BD31EE7076E000B2C9A /* Info.plist */ = {isa = PBXFileReference; lastKnownFileType = text.plist.xml; path = Info.plist; sourceTree = "<group>"; };
		645F9BD81EE7076E000B2C9A /* saveTheKittensExceptTheHairlessOnesTests.xctest */ = {isa = PBXFileReference; explicitFileType = wrapper.cfbundle; includeInIndex = 0; path = saveTheKittensExceptTheHairlessOnesTests.xctest; sourceTree = BUILT_PRODUCTS_DIR; };
		645F9BDC1EE7076E000B2C9A /* saveTheKittensExceptTheHairlessOnesTests.swift */ = {isa = PBXFileReference; lastKnownFileType = sourcecode.swift; path = saveTheKittensExceptTheHairlessOnesTests.swift; sourceTree = "<group>"; };
		645F9BDE1EE7076E000B2C9A /* Info.plist */ = {isa = PBXFileReference; lastKnownFileType = text.plist.xml; path = Info.plist; sourceTree = "<group>"; };
		645F9BE31EE7076E000B2C9A /* saveTheKittensExceptTheHairlessOnesUITests.xctest */ = {isa = PBXFileReference; explicitFileType = wrapper.cfbundle; includeInIndex = 0; path = saveTheKittensExceptTheHairlessOnesUITests.xctest; sourceTree = BUILT_PRODUCTS_DIR; };
		645F9BE71EE7076E000B2C9A /* saveTheKittensExceptTheHairlessOnesUITests.swift */ = {isa = PBXFileReference; lastKnownFileType = sourcecode.swift; path = saveTheKittensExceptTheHairlessOnesUITests.swift; sourceTree = "<group>"; };
		645F9BE91EE7076E000B2C9A /* Info.plist */ = {isa = PBXFileReference; lastKnownFileType = text.plist.xml; path = Info.plist; sourceTree = "<group>"; };
/* End PBXFileReference section */

/* Begin PBXFrameworksBuildPhase section */
		645F9BC11EE7076E000B2C9A /* Frameworks */ = {
			isa = PBXFrameworksBuildPhase;
			buildActionMask = 2147483647;
			files = (
			);
			runOnlyForDeploymentPostprocessing = 0;
		};
		645F9BD51EE7076E000B2C9A /* Frameworks */ = {
			isa = PBXFrameworksBuildPhase;
			buildActionMask = 2147483647;
			files = (
			);
			runOnlyForDeploymentPostprocessing = 0;
		};
		645F9BE01EE7076E000B2C9A /* Frameworks */ = {
			isa = PBXFrameworksBuildPhase;
			buildActionMask = 2147483647;
			files = (
			);
			runOnlyForDeploymentPostprocessing = 0;
		};
/* End PBXFrameworksBuildPhase section */

/* Begin PBXGroup section */
		645F9BBB1EE7076E000B2C9A = {
			isa = PBXGroup;
			children = (
				645F9BC61EE7076E000B2C9A /* saveTheKittensExceptTheHairlessOnes */,
				645F9BDB1EE7076E000B2C9A /* saveTheKittensExceptTheHairlessOnesTests */,
				645F9BE61EE7076E000B2C9A /* saveTheKittensExceptTheHairlessOnesUITests */,
				645F9BC51EE7076E000B2C9A /* Products */,
			);
			sourceTree = "<group>";
		};
		645F9BC51EE7076E000B2C9A /* Products */ = {
			isa = PBXGroup;
			children = (
				645F9BC41EE7076E000B2C9A /* saveTheKittensExceptTheHairlessOnes.app */,
				645F9BD81EE7076E000B2C9A /* saveTheKittensExceptTheHairlessOnesTests.xctest */,
				645F9BE31EE7076E000B2C9A /* saveTheKittensExceptTheHairlessOnesUITests.xctest */,
			);
			name = Products;
			sourceTree = "<group>";
		};
		645F9BC61EE7076E000B2C9A /* saveTheKittensExceptTheHairlessOnes */ = {
			isa = PBXGroup;
			children = (
				645F9BC71EE7076E000B2C9A /* AppDelegate.swift */,
				645F9BC91EE7076E000B2C9A /* ViewController.swift */,
				645F9BCB1EE7076E000B2C9A /* Main.storyboard */,
				645F9BCE1EE7076E000B2C9A /* Assets.xcassets */,
				645F9BD01EE7076E000B2C9A /* LaunchScreen.storyboard */,
				645F9BD31EE7076E000B2C9A /* Info.plist */,
			);
			path = saveTheKittensExceptTheHairlessOnes;
			sourceTree = "<group>";
		};
		645F9BDB1EE7076E000B2C9A /* saveTheKittensExceptTheHairlessOnesTests */ = {
			isa = PBXGroup;
			children = (
				645F9BDC1EE7076E000B2C9A /* saveTheKittensExceptTheHairlessOnesTests.swift */,
				645F9BDE1EE7076E000B2C9A /* Info.plist */,
			);
			path = saveTheKittensExceptTheHairlessOnesTests;
			sourceTree = "<group>";
		};
		645F9BE61EE7076E000B2C9A /* saveTheKittensExceptTheHairlessOnesUITests */ = {
			isa = PBXGroup;
			children = (
				645F9BE71EE7076E000B2C9A /* saveTheKittensExceptTheHairlessOnesUITests.swift */,
				645F9BE91EE7076E000B2C9A /* Info.plist */,
			);
			path = saveTheKittensExceptTheHairlessOnesUITests;
			sourceTree = "<group>";
		};
/* End PBXGroup section */

/* Begin PBXNativeTarget section */
		645F9BC31EE7076E000B2C9A /* saveTheKittensExceptTheHairlessOnes */ = {
			isa = PBXNativeTarget;
			buildConfigurationList = 645F9BEC1EE7076E000B2C9A /* Build configuration list for PBXNativeTarget "saveTheKittensExceptTheHairlessOnes" */;
			buildPhases = (
				645F9BC01EE7076E000B2C9A /* Sources */,
				645F9BC11EE7076E000B2C9A /* Frameworks */,
				645F9BC21EE7076E000B2C9A /* Resources */,
			);
			buildRules = (
			);
			dependencies = (
			);
			name = saveTheKittensExceptTheHairlessOnes;
			productName = saveTheKittensExceptTheHairlessOnes;
			productReference = 645F9BC41EE7076E000B2C9A /* saveTheKittensExceptTheHairlessOnes.app */;
			productType = "com.apple.product-type.application";
		};
		645F9BD71EE7076E000B2C9A /* saveTheKittensExceptTheHairlessOnesTests */ = {
			isa = PBXNativeTarget;
			buildConfigurationList = 645F9BEF1EE7076E000B2C9A /* Build configuration list for PBXNativeTarget "saveTheKittensExceptTheHairlessOnesTests" */;
			buildPhases = (
				645F9BD41EE7076E000B2C9A /* Sources */,
				645F9BD51EE7076E000B2C9A /* Frameworks */,
				645F9BD61EE7076E000B2C9A /* Resources */,
			);
			buildRules = (
			);
			dependencies = (
				645F9BDA1EE7076E000B2C9A /* PBXTargetDependency */,
			);
			name = saveTheKittensExceptTheHairlessOnesTests;
			productName = saveTheKittensExceptTheHairlessOnesTests;
			productReference = 645F9BD81EE7076E000B2C9A /* saveTheKittensExceptTheHairlessOnesTests.xctest */;
			productType = "com.apple.product-type.bundle.unit-test";
		};
		645F9BE21EE7076E000B2C9A /* saveTheKittensExceptTheHairlessOnesUITests */ = {
			isa = PBXNativeTarget;
			buildConfigurationList = 645F9BF21EE7076E000B2C9A /* Build configuration list for PBXNativeTarget "saveTheKittensExceptTheHairlessOnesUITests" */;
			buildPhases = (
				645F9BDF1EE7076E000B2C9A /* Sources */,
				645F9BE01EE7076E000B2C9A /* Frameworks */,
				645F9BE11EE7076E000B2C9A /* Resources */,
			);
			buildRules = (
			);
			dependencies = (
				645F9BE51EE7076E000B2C9A /* PBXTargetDependency */,
			);
			name = saveTheKittensExceptTheHairlessOnesUITests;
			productName = saveTheKittensExceptTheHairlessOnesUITests;
			productReference = 645F9BE31EE7076E000B2C9A /* saveTheKittensExceptTheHairlessOnesUITests.xctest */;
			productType = "com.apple.product-type.bundle.ui-testing";
		};
/* End PBXNativeTarget section */

/* Begin PBXProject section */
		645F9BBC1EE7076E000B2C9A /* Project object */ = {
			isa = PBXProject;
			attributes = {
				LastSwiftUpdateCheck = 0830;
				LastUpgradeCheck = 0830;
				ORGANIZATIONNAME = "Gabriel Lindgren";
				TargetAttributes = {
					645F9BC31EE7076E000B2C9A = {
						CreatedOnToolsVersion = 8.3.2;
						ProvisioningStyle = Automatic;
					};
					645F9BD71EE7076E000B2C9A = {
						CreatedOnToolsVersion = 8.3.2;
						ProvisioningStyle = Automatic;
						TestTargetID = 645F9BC31EE7076E000B2C9A;
					};
					645F9BE21EE7076E000B2C9A = {
						CreatedOnToolsVersion = 8.3.2;
						ProvisioningStyle = Automatic;
						TestTargetID = 645F9BC31EE7076E000B2C9A;
					};
				};
			};
			buildConfigurationList = 645F9BBF1EE7076E000B2C9A /* Build configuration list for PBXProject "saveTheKittensExceptTheHairlessOnes" */;
			compatibilityVersion = "Xcode 3.2";
			developmentRegion = English;
			hasScannedForEncodings = 0;
			knownRegions = (
				en,
				Base,
			);
			mainGroup = 645F9BBB1EE7076E000B2C9A;
			productRefGroup = 645F9BC51EE7076E000B2C9A /* Products */;
			projectDirPath = "";
			projectRoot = "";
			targets = (
				645F9BC31EE7076E000B2C9A /* saveTheKittensExceptTheHairlessOnes */,
				645F9BD71EE7076E000B2C9A /* saveTheKittensExceptTheHairlessOnesTests */,
				645F9BE21EE7076E000B2C9A /* saveTheKittensExceptTheHairlessOnesUITests */,
			);
		};
/* End PBXProject section */

/* Begin PBXResourcesBuildPhase section */
		645F9BC21EE7076E000B2C9A /* Resources */ = {
			isa = PBXResourcesBuildPhase;
			buildActionMask = 2147483647;
			files = (
				645F9BD21EE7076E000B2C9A /* LaunchScreen.storyboard in Resources */,
				645F9BCF1EE7076E000B2C9A /* Assets.xcassets in Resources */,
				645F9BCD1EE7076E000B2C9A /* Main.storyboard in Resources */,
			);
			runOnlyForDeploymentPostprocessing = 0;
		};
		645F9BD61EE7076E000B2C9A /* Resources */ = {
			isa = PBXResourcesBuildPhase;
			buildActionMask = 2147483647;
			files = (
			);
			runOnlyForDeploymentPostprocessing = 0;
		};
		645F9BE11EE7076E000B2C9A /* Resources */ = {
			isa = PBXResourcesBuildPhase;
			buildActionMask = 2147483647;
			files = (
			);
			runOnlyForDeploymentPostprocessing = 0;
		};
/* End PBXResourcesBuildPhase section */

/* Begin PBXSourcesBuildPhase section */
		645F9BC01EE7076E000B2C9A /* Sources */ = {
			isa = PBXSourcesBuildPhase;
			buildActionMask = 2147483647;
			files = (
				645F9BCA1EE7076E000B2C9A /* ViewController.swift in Sources */,
				645F9BC81EE7076E000B2C9A /* AppDelegate.swift in Sources */,
			);
			runOnlyForDeploymentPostprocessing = 0;
		};
		645F9BD41EE7076E000B2C9A /* Sources */ = {
			isa = PBXSourcesBuildPhase;
			buildActionMask = 2147483647;
			files = (
				645F9BDD1EE7076E000B2C9A /* saveTheKittensExceptTheHairlessOnesTests.swift in Sources */,
			);
			runOnlyForDeploymentPostprocessing = 0;
		};
		645F9BDF1EE7076E000B2C9A /* Sources */ = {
			isa = PBXSourcesBuildPhase;
			buildActionMask = 2147483647;
			files = (
				645F9BE81EE7076E000B2C9A /* saveTheKittensExceptTheHairlessOnesUITests.swift in Sources */,
			);
			runOnlyForDeploymentPostprocessing = 0;
		};
/* End PBXSourcesBuildPhase section */

/* Begin PBXTargetDependency section */
		645F9BDA1EE7076E000B2C9A /* PBXTargetDependency */ = {
			isa = PBXTargetDependency;
			target = 645F9BC31EE7076E000B2C9A /* saveTheKittensExceptTheHairlessOnes */;
			targetProxy = 645F9BD91EE7076E000B2C9A /* PBXContainerItemProxy */;
		};
		645F9BE51EE7076E000B2C9A /* PBXTargetDependency */ = {
			isa = PBXTargetDependency;
			target = 645F9BC31EE7076E000B2C9A /* saveTheKittensExceptTheHairlessOnes */;
			targetProxy = 645F9BE41EE7076E000B2C9A /* PBXContainerItemProxy */;
		};
/* End PBXTargetDependency section */

/* Begin PBXVariantGroup section */
		645F9BCB1EE7076E000B2C9A /* Main.storyboard */ = {
			isa = PBXVariantGroup;
			children = (
				645F9BCC1EE7076E000B2C9A /* Base */,
			);
			name = Main.storyboard;
			sourceTree = "<group>";
		};
		645F9BD01EE7076E000B2C9A /* LaunchScreen.storyboard */ = {
			isa = PBXVariantGroup;
			children = (
				645F9BD11EE7076E000B2C9A /* Base */,
			);
			name = LaunchScreen.storyboard;
			sourceTree = "<group>";
		};
/* End PBXVariantGroup section */

/* Begin XCBuildConfiguration section */
		645F9BEA1EE7076E000B2C9A /* Debug */ = {
			isa = XCBuildConfiguration;
			buildSettings = {
				ALWAYS_SEARCH_USER_PATHS = NO;
				CLANG_ANALYZER_NONNULL = YES;
				CLANG_ANALYZER_NUMBER_OBJECT_CONVERSION = YES_AGGRESSIVE;
				CLANG_CXX_LANGUAGE_STANDARD = "gnu++0x";
				CLANG_CXX_LIBRARY = "libc++";
				CLANG_ENABLE_MODULES = YES;
				CLANG_ENABLE_OBJC_ARC = YES;
				CLANG_WARN_BOOL_CONVERSION = YES;
				CLANG_WARN_CONSTANT_CONVERSION = YES;
				CLANG_WARN_DIRECT_OBJC_ISA_USAGE = YES_ERROR;
				CLANG_WARN_DOCUMENTATION_COMMENTS = YES;
				CLANG_WARN_EMPTY_BODY = YES;
				CLANG_WARN_ENUM_CONVERSION = YES;
				CLANG_WARN_INFINITE_RECURSION = YES;
				CLANG_WARN_INT_CONVERSION = YES;
				CLANG_WARN_OBJC_ROOT_CLASS = YES_ERROR;
				CLANG_WARN_SUSPICIOUS_MOVE = YES;
				CLANG_WARN_UNREACHABLE_CODE = YES;
				CLANG_WARN__DUPLICATE_METHOD_MATCH = YES;
				"CODE_SIGN_IDENTITY[sdk=iphoneos*]" = "iPhone Developer";
				COPY_PHASE_STRIP = NO;
				DEBUG_INFORMATION_FORMAT = dwarf;
				ENABLE_STRICT_OBJC_MSGSEND = YES;
				ENABLE_TESTABILITY = YES;
				GCC_C_LANGUAGE_STANDARD = gnu99;
				GCC_DYNAMIC_NO_PIC = NO;
				GCC_NO_COMMON_BLOCKS = YES;
				GCC_OPTIMIZATION_LEVEL = 0;
				GCC_PREPROCESSOR_DEFINITIONS = (
					"DEBUG=1",
					"$(inherited)",
				);
				GCC_WARN_64_TO_32_BIT_CONVERSION = YES;
				GCC_WARN_ABOUT_RETURN_TYPE = YES_ERROR;
				GCC_WARN_UNDECLARED_SELECTOR = YES;
				GCC_WARN_UNINITIALIZED_AUTOS = YES_AGGRESSIVE;
				GCC_WARN_UNUSED_FUNCTION = YES;
				GCC_WARN_UNUSED_VARIABLE = YES;
				IPHONEOS_DEPLOYMENT_TARGET = 10.3;
				MTL_ENABLE_DEBUG_INFO = YES;
				ONLY_ACTIVE_ARCH = YES;
				SDKROOT = iphoneos;
				SWIFT_ACTIVE_COMPILATION_CONDITIONS = DEBUG;
				SWIFT_OPTIMIZATION_LEVEL = "-Onone";
			};
			name = Debug;
		};
		645F9BEB1EE7076E000B2C9A /* Release */ = {
			isa = XCBuildConfiguration;
			buildSettings = {
				ALWAYS_SEARCH_USER_PATHS = NO;
				CLANG_ANALYZER_NONNULL = YES;
				CLANG_ANALYZER_NUMBER_OBJECT_CONVERSION = YES_AGGRESSIVE;
				CLANG_CXX_LANGUAGE_STANDARD = "gnu++0x";
				CLANG_CXX_LIBRARY = "libc++";
				CLANG_ENABLE_MODULES = YES;
				CLANG_ENABLE_OBJC_ARC = YES;
				CLANG_WARN_BOOL_CONVERSION = YES;
				CLANG_WARN_CONSTANT_CONVERSION = YES;
				CLANG_WARN_DIRECT_OBJC_ISA_USAGE = YES_ERROR;
				CLANG_WARN_DOCUMENTATION_COMMENTS = YES;
				CLANG_WARN_EMPTY_BODY = YES;
				CLANG_WARN_ENUM_CONVERSION = YES;
				CLANG_WARN_INFINITE_RECURSION = YES;
				CLANG_WARN_INT_CONVERSION = YES;
				CLANG_WARN_OBJC_ROOT_CLASS = YES_ERROR;
				CLANG_WARN_SUSPICIOUS_MOVE = YES;
				CLANG_WARN_UNREACHABLE_CODE = YES;
				CLANG_WARN__DUPLICATE_METHOD_MATCH = YES;
				"CODE_SIGN_IDENTITY[sdk=iphoneos*]" = "iPhone Developer";
				COPY_PHASE_STRIP = NO;
				DEBUG_INFORMATION_FORMAT = "dwarf-with-dsym";
				ENABLE_NS_ASSERTIONS = NO;
				ENABLE_STRICT_OBJC_MSGSEND = YES;
				GCC_C_LANGUAGE_STANDARD = gnu99;
				GCC_NO_COMMON_BLOCKS = YES;
				GCC_WARN_64_TO_32_BIT_CONVERSION = YES;
				GCC_WARN_ABOUT_RETURN_TYPE = YES_ERROR;
				GCC_WARN_UNDECLARED_SELECTOR = YES;
				GCC_WARN_UNINITIALIZED_AUTOS = YES_AGGRESSIVE;
				GCC_WARN_UNUSED_FUNCTION = YES;
				GCC_WARN_UNUSED_VARIABLE = YES;
				IPHONEOS_DEPLOYMENT_TARGET = 10.3;
				MTL_ENABLE_DEBUG_INFO = NO;
				SDKROOT = iphoneos;
				SWIFT_OPTIMIZATION_LEVEL = "-Owholemodule";
				VALIDATE_PRODUCT = YES;
			};
			name = Release;
		};
		645F9BED1EE7076E000B2C9A /* Debug */ = {
			isa = XCBuildConfiguration;
			buildSettings = {
				ASSETCATALOG_COMPILER_APPICON_NAME = AppIcon;
				INFOPLIST_FILE = saveTheKittensExceptTheHairlessOnes/Info.plist;
				LD_RUNPATH_SEARCH_PATHS = "$(inherited) @executable_path/Frameworks";
				PRODUCT_BUNDLE_IDENTIFIER = com.gabriellindgren.saveTheKittensExceptTheHairlessOnes;
				PRODUCT_NAME = "$(TARGET_NAME)";
				SWIFT_VERSION = 3.0;
			};
			name = Debug;
		};
		645F9BEE1EE7076E000B2C9A /* Release */ = {
			isa = XCBuildConfiguration;
			buildSettings = {
				ASSETCATALOG_COMPILER_APPICON_NAME = AppIcon;
				INFOPLIST_FILE = saveTheKittensExceptTheHairlessOnes/Info.plist;
				LD_RUNPATH_SEARCH_PATHS = "$(inherited) @executable_path/Frameworks";
				PRODUCT_BUNDLE_IDENTIFIER = com.gabriellindgren.saveTheKittensExceptTheHairlessOnes;
				PRODUCT_NAME = "$(TARGET_NAME)";
				SWIFT_VERSION = 3.0;
			};
			name = Release;
		};
		645F9BF01EE7076E000B2C9A /* Debug */ = {
			isa = XCBuildConfiguration;
			buildSettings = {
				ALWAYS_EMBED_SWIFT_STANDARD_LIBRARIES = YES;
				BUNDLE_LOADER = "$(TEST_HOST)";
				INFOPLIST_FILE = saveTheKittensExceptTheHairlessOnesTests/Info.plist;
				LD_RUNPATH_SEARCH_PATHS = "$(inherited) @executable_path/Frameworks @loader_path/Frameworks";
				PRODUCT_BUNDLE_IDENTIFIER = com.gabriellindgren.saveTheKittensExceptTheHairlessOnesTests;
				PRODUCT_NAME = "$(TARGET_NAME)";
				SWIFT_VERSION = 3.0;
				TEST_HOST = "$(BUILT_PRODUCTS_DIR)/saveTheKittensExceptTheHairlessOnes.app/saveTheKittensExceptTheHairlessOnes";
			};
			name = Debug;
		};
		645F9BF11EE7076E000B2C9A /* Release */ = {
			isa = XCBuildConfiguration;
			buildSettings = {
				ALWAYS_EMBED_SWIFT_STANDARD_LIBRARIES = YES;
				BUNDLE_LOADER = "$(TEST_HOST)";
				INFOPLIST_FILE = saveTheKittensExceptTheHairlessOnesTests/Info.plist;
				LD_RUNPATH_SEARCH_PATHS = "$(inherited) @executable_path/Frameworks @loader_path/Frameworks";
				PRODUCT_BUNDLE_IDENTIFIER = com.gabriellindgren.saveTheKittensExceptTheHairlessOnesTests;
				PRODUCT_NAME = "$(TARGET_NAME)";
				SWIFT_VERSION = 3.0;
				TEST_HOST = "$(BUILT_PRODUCTS_DIR)/saveTheKittensExceptTheHairlessOnes.app/saveTheKittensExceptTheHairlessOnes";
			};
			name = Release;
		};
		645F9BF31EE7076E000B2C9A /* Debug */ = {
			isa = XCBuildConfiguration;
			buildSettings = {
				ALWAYS_EMBED_SWIFT_STANDARD_LIBRARIES = YES;
				INFOPLIST_FILE = saveTheKittensExceptTheHairlessOnesUITests/Info.plist;
				LD_RUNPATH_SEARCH_PATHS = "$(inherited) @executable_path/Frameworks @loader_path/Frameworks";
				PRODUCT_BUNDLE_IDENTIFIER = com.gabriellindgren.saveTheKittensExceptTheHairlessOnesUITests;
				PRODUCT_NAME = "$(TARGET_NAME)";
				SWIFT_VERSION = 3.0;
				TEST_TARGET_NAME = saveTheKittensExceptTheHairlessOnes;
			};
			name = Debug;
		};
		645F9BF41EE7076E000B2C9A /* Release */ = {
			isa = XCBuildConfiguration;
			buildSettings = {
				ALWAYS_EMBED_SWIFT_STANDARD_LIBRARIES = YES;
				INFOPLIST_FILE = saveTheKittensExceptTheHairlessOnesUITests/Info.plist;
				LD_RUNPATH_SEARCH_PATHS = "$(inherited) @executable_path/Frameworks @loader_path/Frameworks";
				PRODUCT_BUNDLE_IDENTIFIER = com.gabriellindgren.saveTheKittensExceptTheHairlessOnesUITests;
				PRODUCT_NAME = "$(TARGET_NAME)";
				SWIFT_VERSION = 3.0;
				TEST_TARGET_NAME = saveTheKittensExceptTheHairlessOnes;
			};
			name = Release;
		};
/* End XCBuildConfiguration section */

/* Begin XCConfigurationList section */
		645F9BBF1EE7076E000B2C9A /* Build configuration list for PBXProject "saveTheKittensExceptTheHairlessOnes" */ = {
			isa = XCConfigurationList;
			buildConfigurations = (
				645F9BEA1EE7076E000B2C9A /* Debug */,
				645F9BEB1EE7076E000B2C9A /* Release */,
			);
			defaultConfigurationIsVisible = 0;
			defaultConfigurationName = Release;
		};
		645F9BEC1EE7076E000B2C9A /* Build configuration list for PBXNativeTarget "saveTheKittensExceptTheHairlessOnes" */ = {
			isa = XCConfigurationList;
			buildConfigurations = (
				645F9BED1EE7076E000B2C9A /* Debug */,
				645F9BEE1EE7076E000B2C9A /* Release */,
			);
			defaultConfigurationIsVisible = 0;
		};
		645F9BEF1EE7076E000B2C9A /* Build configuration list for PBXNativeTarget "saveTheKittensExceptTheHairlessOnesTests" */ = {
			isa = XCConfigurationList;
			buildConfigurations = (
				645F9BF01EE7076E000B2C9A /* Debug */,
				645F9BF11EE7076E000B2C9A /* Release */,
			);
			defaultConfigurationIsVisible = 0;
		};
		645F9BF21EE7076E000B2C9A /* Build configuration list for PBXNativeTarget "saveTheKittensExceptTheHairlessOnesUITests" */ = {
			isa = XCConfigurationList;
			buildConfigurations = (
				645F9BF31EE7076E000B2C9A /* Debug */,
				645F9BF41EE7076E000B2C9A /* Release */,
			);
			defaultConfigurationIsVisible = 0;
		};
/* End XCConfigurationList section */
	};
	rootObject = 645F9BBC1EE7076E000B2C9A /* Project object */;
}
